github.com/karrick/godirwalk v1.9.0 h1:mnk3l1T+K1Q5ucMdJNvo09HKmZdtfBnv+BwTX+CPtfM=
github.com/karrick/godirwalk v1.9.0/go.mod h1:H5KPZjojv4lE+QYImBI8xVtrBRgYrIVsaRPx4tDPEn4=
github.com/ozeidan/go-patricia v2.4.0+incompatible h1:wRo0LnE+r4gChMF0B8Dhj6rUc5LnvZ3tj9fJ95opwyM=
github.com/ozeidan/go-patricia v2.4.0+incompatible/go.mod h1:TRlr7Xe+FozWQs/clvUS95kmNdBDBQjNYJPZQzfaZhE=
golang.org/x/sys v0.0.0-20190502175342-a43fa875dd82 h1:vsphBvatvfbhlb4PO1BYSr9dzugGxJ/SQHoNufZJq1w=
golang.org/x/sys v0.0.0-20190502175342-a43fa875dd82/go.mod h1:h1NjWce9XRLGQEsW7wpKNCjG9DtNlClVuFLEZdDNbEs=
